# THIS IS AN AUTOGENERATED FILE. DO NOT EDIT THIS FILE DIRECTLY.
# yarn lockfile v1


typeface-poppins@^1.1.13:
  version "1.1.13"
  resolved "https://registry.yarnpkg.com/typeface-poppins/-/typeface-poppins-1.1.13.tgz#a80b6f14a2a70624eb2eb833fe5559507a8f5651"
  integrity sha512-VLNaET8kK7M3gPGjtKhr4/Iw6aseM2FLdiEGevlqXWD9b8QlzqZC4ro7sP78L9HJnOo2SUVvwJUeCn82gBcNqw==
